{
  "version": 4,
  "terraform_version": "0.14.10",
  "serial": 20,
  "lineage": "0c1edc25-1ce9-224e-0433-90f04e9847b5",
  "outputs": {},
  "resources": [
    {
      "mode": "data",
      "type": "aws_acm_certificate",
      "name": "ashleyconnor-wildcard-cert",
      "provider": "provider[\"registry.terraform.io/hashicorp/aws\"]",
      "instances": [
        {
          "schema_version": 0,
          "attributes": {
            "arn": "arn:aws:acm:us-east-1:744513097645:certificate/f35fcbab-8098-467a-9bad-8ff616b54ee7",
            "domain": "*.ashleyconnor.co.uk",
            "id": "arn:aws:acm:us-east-1:744513097645:certificate/f35fcbab-8098-467a-9bad-8ff616b54ee7",
            "key_types": null,
            "most_recent": false,
            "statuses": [
              "ISSUED"
            ],
            "tags": {},
            "types": null
          },
          "sensitive_attributes": []
        }
      ]
    },
    {
      "mode": "managed",
      "type": "aws_cloudfront_distribution",
      "name": "cloudfront-dist",
      "provider": "provider[\"registry.terraform.io/hashicorp/aws\"]",
      "instances": [
        {
          "index_key": "ashleyconnor",
          "schema_version": 1,
          "attributes": {
            "aliases": [
              "ashleyconnor.co.uk"
            ],
            "arn": "arn:aws:cloudfront::744513097645:distribution/ELC75LY8LAL5J",
            "caller_reference": "1443282525931",
            "comment": null,
            "custom_error_response": [],
            "default_cache_behavior": [
              {
                "allowed_methods": [
                  "GET",
                  "HEAD"
                ],
                "cache_policy_id": "",
                "cached_methods": [
                  "GET",
                  "HEAD"
                ],
                "compress": true,
                "default_ttl": 86400,
                "field_level_encryption_id": "",
                "forwarded_values": [
                  {
                    "cookies": [
                      {
                        "forward": "none",
                        "whitelisted_names": []
                      }
                    ],
                    "headers": [],
                    "query_string": false,
                    "query_string_cache_keys": []
                  }
                ],
                "lambda_function_association": [],
                "max_ttl": 31536000,
                "min_ttl": 0,
                "origin_request_policy_id": "",
                "realtime_log_config_arn": "",
                "smooth_streaming": false,
                "target_origin_id": "Custom-ashleyconnor.co.uk.s3-website-us-east-1.amazonaws.com",
                "trusted_signers": [],
                "viewer_protocol_policy": "redirect-to-https"
              }
            ],
            "default_root_object": "index.html",
            "domain_name": "d1vwtlvs1uxsfa.cloudfront.net",
            "enabled": true,
            "etag": "E1263F1U6N333D",
            "hosted_zone_id": "Z2FDTNDATAQYW2",
            "http_version": "http2",
            "id": "ELC75LY8LAL5J",
            "in_progress_validation_batches": 0,
            "is_ipv6_enabled": false,
            "last_modified_time": "2017-03-04 16:14:58.924 +0000 UTC",
            "logging_config": [
              {
                "bucket": "logs.ashleyconnor.co.uk.s3.amazonaws.com",
                "include_cookies": false,
                "prefix": "cdn/"
              }
            ],
            "ordered_cache_behavior": [],
            "origin": [
              {
                "custom_header": [],
                "custom_origin_config": [
                  {
                    "http_port": 80,
                    "https_port": 443,
                    "origin_keepalive_timeout": 5,
                    "origin_protocol_policy": "http-only",
                    "origin_read_timeout": 30,
                    "origin_ssl_protocols": [
                      "SSLv3",
                      "TLSv1"
                    ]
                  }
                ],
                "domain_name": "ashleyconnor.co.uk.s3-website-us-east-1.amazonaws.com",
                "origin_id": "Custom-ashleyconnor.co.uk.s3-website-us-east-1.amazonaws.com",
                "origin_path": "",
                "s3_origin_config": []
              }
            ],
            "origin_group": [],
            "price_class": "PriceClass_All",
            "restrictions": [
              {
                "geo_restriction": [
                  {
                    "locations": [],
                    "restriction_type": "none"
                  }
                ]
              }
            ],
            "retain_on_delete": false,
            "status": "Deployed",
            "tags": {},
            "trusted_signers": [
              {
                "enabled": false,
                "items": []
              }
            ],
            "viewer_certificate": [
              {
                "acm_certificate_arn": "arn:aws:acm:us-east-1:744513097645:certificate/f35fcbab-8098-467a-9bad-8ff616b54ee7",
                "cloudfront_default_certificate": false,
                "iam_certificate_id": "",
                "minimum_protocol_version": "TLSv1",
                "ssl_support_method": "sni-only"
              }
            ],
            "wait_for_deployment": true,
            "web_acl_id": ""
          },
          "sensitive_attributes": [],
          "private": "eyJzY2hlbWFfdmVyc2lvbiI6IjEifQ==",
          "dependencies": [
            "aws_s3_bucket.ashleyconnor",
            "data.aws_acm_certificate.ashleyconnor-wildcard-cert"
          ]
        },
        {
          "index_key": "til-ashleyconnor",
          "schema_version": 1,
          "attributes": {
            "aliases": [
              "til.ashleyconnor.co.uk"
            ],
            "arn": "arn:aws:cloudfront::744513097645:distribution/EX6UZESUU24AQ",
            "caller_reference": "terraform-20210410175724501300000001",
            "comment": null,
            "custom_error_response": [],
            "default_cache_behavior": [
              {
                "allowed_methods": [
                  "GET",
                  "HEAD"
                ],
                "cache_policy_id": "",
                "cached_methods": [
                  "GET",
                  "HEAD"
                ],
                "compress": true,
                "default_ttl": 86400,
                "field_level_encryption_id": "",
                "forwarded_values": [
                  {
                    "cookies": [
                      {
                        "forward": "none",
                        "whitelisted_names": []
                      }
                    ],
                    "headers": [],
                    "query_string": false,
                    "query_string_cache_keys": []
                  }
                ],
                "lambda_function_association": [],
                "max_ttl": 31536000,
                "min_ttl": 0,
                "origin_request_policy_id": "",
                "realtime_log_config_arn": "",
                "smooth_streaming": false,
                "target_origin_id": "Custom-ashleyconnor.co.uk.s3-website-us-east-1.amazonaws.com",
                "trusted_signers": [],
                "viewer_protocol_policy": "redirect-to-https"
              }
            ],
            "default_root_object": "index.html",
            "domain_name": "df7jejejett53.cloudfront.net",
            "enabled": true,
            "etag": "E2CT3I4RR1BQNH",
            "hosted_zone_id": "Z2FDTNDATAQYW2",
            "http_version": "http2",
            "id": "EX6UZESUU24AQ",
            "in_progress_validation_batches": 0,
            "is_ipv6_enabled": false,
            "last_modified_time": "2021-04-10 17:57:25.161 +0000 UTC",
            "logging_config": [
              {
                "bucket": "logs.ashleyconnor.co.uk.s3.amazonaws.com",
                "include_cookies": false,
                "prefix": "cdn/til/"
              }
            ],
            "ordered_cache_behavior": [],
            "origin": [
              {
                "custom_header": [],
                "custom_origin_config": [
                  {
                    "http_port": 80,
                    "https_port": 443,
                    "origin_keepalive_timeout": 5,
                    "origin_protocol_policy": "http-only",
                    "origin_read_timeout": 30,
                    "origin_ssl_protocols": [
                      "SSLv3",
                      "TLSv1"
                    ]
                  }
                ],
                "domain_name": "ashleyconnor.co.uk.s3-website-us-east-1.amazonaws.com",
                "origin_id": "Custom-ashleyconnor.co.uk.s3-website-us-east-1.amazonaws.com",
                "origin_path": "/til",
                "s3_origin_config": []
              }
            ],
            "origin_group": [],
            "price_class": "PriceClass_All",
            "restrictions": [
              {
                "geo_restriction": [
                  {
                    "locations": [],
                    "restriction_type": "none"
                  }
                ]
              }
            ],
            "retain_on_delete": false,
            "status": "Deployed",
            "tags": null,
            "trusted_signers": [
              {
                "enabled": false,
                "items": []
              }
            ],
            "viewer_certificate": [
              {
                "acm_certificate_arn": "arn:aws:acm:us-east-1:744513097645:certificate/f35fcbab-8098-467a-9bad-8ff616b54ee7",
                "cloudfront_default_certificate": false,
                "iam_certificate_id": "",
                "minimum_protocol_version": "TLSv1",
                "ssl_support_method": "sni-only"
              }
            ],
            "wait_for_deployment": true,
            "web_acl_id": ""
          },
          "sensitive_attributes": [],
          "private": "eyJzY2hlbWFfdmVyc2lvbiI6IjEifQ==",
          "dependencies": [
            "aws_s3_bucket.ashleyconnor",
            "data.aws_acm_certificate.ashleyconnor-wildcard-cert"
          ]
        }
      ]
    },
    {
      "mode": "managed",
      "type": "aws_route53_record",
      "name": "apex",
      "provider": "provider[\"registry.terraform.io/hashicorp/aws\"]",
      "instances": [
        {
          "schema_version": 2,
          "attributes": {
            "alias": [
              {
                "evaluate_target_health": false,
                "name": "d1vwtlvs1uxsfa.cloudfront.net",
                "zone_id": "Z2FDTNDATAQYW2"
              }
            ],
            "allow_overwrite": null,
            "failover_routing_policy": [],
            "fqdn": "ashleyconnor.co.uk",
            "geolocation_routing_policy": [],
            "health_check_id": "",
            "id": "ZRQ45STX8GVFP_ashleyconnor.co.uk_A",
            "latency_routing_policy": [],
            "multivalue_answer_routing_policy": null,
            "name": "ashleyconnor.co.uk",
            "records": [],
            "set_identifier": "",
            "ttl": 0,
            "type": "A",
            "weighted_routing_policy": [],
            "zone_id": "ZRQ45STX8GVFP"
          },
          "sensitive_attributes": [],
          "private": "eyJzY2hlbWFfdmVyc2lvbiI6IjIifQ=="
        }
      ]
    },
    {
      "mode": "managed",
      "type": "aws_route53_record",
      "name": "til",
      "provider": "provider[\"registry.terraform.io/hashicorp/aws\"]",
      "instances": [
        {
          "schema_version": 2,
          "attributes": {
            "alias": [
              {
                "evaluate_target_health": false,
                "name": "df7jejejett53.cloudfront.net",
                "zone_id": "Z2FDTNDATAQYW2"
              }
            ],
            "allow_overwrite": null,
            "failover_routing_policy": [],
            "fqdn": "til.ashleyconnor.co.uk",
            "geolocation_routing_policy": [],
            "health_check_id": "",
            "id": "ZRQ45STX8GVFP_til.ashleyconnor.co.uk_A",
            "latency_routing_policy": [],
            "multivalue_answer_routing_policy": null,
            "name": "til.ashleyconnor.co.uk",
            "records": [],
            "set_identifier": "",
            "ttl": 0,
            "type": "A",
            "weighted_routing_policy": [],
            "zone_id": "ZRQ45STX8GVFP"
          },
          "sensitive_attributes": [],
          "private": "eyJzY2hlbWFfdmVyc2lvbiI6IjIifQ=="
        }
      ]
    },
    {
      "mode": "managed",
      "type": "aws_route53_zone",
      "name": "primary",
      "provider": "provider[\"registry.terraform.io/hashicorp/aws\"]",
      "instances": [
        {
          "schema_version": 0,
          "attributes": {
            "comment": "Managed by Terraform",
            "delegation_set_id": "",
            "force_destroy": false,
            "id": "ZRQ45STX8GVFP",
            "name": "ashleyconnor.co.uk",
            "name_servers": [
              "ns-1359.awsdns-41.org",
              "ns-187.awsdns-23.com",
              "ns-1940.awsdns-50.co.uk",
              "ns-543.awsdns-03.net"
            ],
            "tags": {},
            "vpc": [],
            "zone_id": "ZRQ45STX8GVFP"
          },
          "sensitive_attributes": [],
          "private": "bnVsbA=="
        }
      ]
    },
    {
      "mode": "managed",
      "type": "aws_s3_bucket",
      "name": "ashleyconnor",
      "provider": "provider[\"registry.terraform.io/hashicorp/aws\"]",
      "instances": [
        {
          "schema_version": 0,
          "attributes": {
            "acceleration_status": "",
            "acl": "private",
            "arn": "arn:aws:s3:::ashleyconnor.co.uk",
            "bucket": "ashleyconnor.co.uk",
            "bucket_domain_name": "ashleyconnor.co.uk.s3.amazonaws.com",
            "bucket_prefix": null,
            "bucket_regional_domain_name": "ashleyconnor.co.uk.s3.amazonaws.com",
            "cors_rule": [
              {
                "allowed_headers": [
                  "Authorization"
                ],
                "allowed_methods": [
                  "GET",
                  "HEAD"
                ],
                "allowed_origins": [
                  "*"
                ],
                "expose_headers": [],
                "max_age_seconds": 3000
              }
            ],
            "force_destroy": false,
            "grant": [],
            "hosted_zone_id": "Z3AQBSTGFYJSTF",
            "id": "ashleyconnor.co.uk",
            "lifecycle_rule": [],
            "logging": [
              {
                "target_bucket": "logs.ashleyconnor.co.uk",
                "target_prefix": "root/"
              }
            ],
            "object_lock_configuration": [],
            "policy": null,
            "region": "us-east-1",
            "replication_configuration": [],
            "request_payer": "BucketOwner",
            "server_side_encryption_configuration": [],
            "tags": {},
            "versioning": [
              {
                "enabled": false,
                "mfa_delete": false
              }
            ],
            "website": [
              {
                "error_document": "error.html",
                "index_document": "index.html",
                "redirect_all_requests_to": "",
                "routing_rules": ""
              }
            ],
            "website_domain": "s3-website-us-east-1.amazonaws.com",
            "website_endpoint": "ashleyconnor.co.uk.s3-website-us-east-1.amazonaws.com"
          },
          "sensitive_attributes": [],
          "private": "bnVsbA=="
        }
      ]
    },
    {
      "mode": "managed",
      "type": "aws_s3_bucket",
      "name": "www-ashleyconnor",
      "provider": "provider[\"registry.terraform.io/hashicorp/aws\"]",
      "instances": [
        {
          "schema_version": 0,
          "attributes": {
            "acceleration_status": "",
            "acl": "private",
            "arn": "arn:aws:s3:::www.ashleyconnor.co.uk",
            "bucket": "www.ashleyconnor.co.uk",
            "bucket_domain_name": "www.ashleyconnor.co.uk.s3.amazonaws.com",
            "bucket_prefix": null,
            "bucket_regional_domain_name": "www.ashleyconnor.co.uk.s3.amazonaws.com",
            "cors_rule": [],
            "force_destroy": false,
            "grant": [],
            "hosted_zone_id": "Z3AQBSTGFYJSTF",
            "id": "www.ashleyconnor.co.uk",
            "lifecycle_rule": [],
            "logging": [],
            "object_lock_configuration": [],
            "policy": null,
            "region": "us-east-1",
            "replication_configuration": [],
            "request_payer": "BucketOwner",
            "server_side_encryption_configuration": [],
            "tags": {},
            "versioning": [
              {
                "enabled": false,
                "mfa_delete": false
              }
            ],
            "website": [
              {
                "error_document": "",
                "index_document": "",
                "redirect_all_requests_to": "ashleyconnor.co.uk",
                "routing_rules": ""
              }
            ],
            "website_domain": "s3-website-us-east-1.amazonaws.com",
            "website_endpoint": "www.ashleyconnor.co.uk.s3-website-us-east-1.amazonaws.com"
          },
          "sensitive_attributes": [],
          "private": "bnVsbA=="
        }
      ]
    },
    {
      "mode": "managed",
      "type": "aws_s3_bucket_policy",
      "name": "ashleyconnor-policy",
      "provider": "provider[\"registry.terraform.io/hashicorp/aws\"]",
      "instances": [
        {
          "schema_version": 0,
          "attributes": {
            "bucket": "ashleyconnor.co.uk",
            "id": "ashleyconnor.co.uk",
            "policy": "{\"Version\":\"2012-10-17\",\"Id\":\"ashleyconnor-bucket-policy\",\"Statement\":[{\"Sid\":\"AddPerm\",\"Effect\":\"Allow\",\"Principal\":{\"AWS\":\"*\"},\"Action\":\"s3:GetObject\",\"Resource\":\"arn:aws:s3:::ashleyconnor.co.uk/*\"}]}"
          },
          "sensitive_attributes": [],
          "private": "bnVsbA==",
          "dependencies": [
            "aws_s3_bucket.ashleyconnor"
          ]
        }
      ]
    }
  ]
}
