{
  "version": 4,
  "terraform_version": "0.14.10",
  "serial": 14,
  "lineage": "0c1edc25-1ce9-224e-0433-90f04e9847b5",
  "outputs": {},
  "resources": [
    {
      "mode": "managed",
      "type": "aws_route53_record",
      "name": "apex",
      "provider": "provider[\"registry.terraform.io/hashicorp/aws\"]",
      "instances": [
        {
          "schema_version": 2,
          "attributes": {
            "alias": [
              {
                "evaluate_target_health": false,
                "name": "d1vwtlvs1uxsfa.cloudfront.net",
                "zone_id": "Z2FDTNDATAQYW2"
              }
            ],
            "allow_overwrite": null,
            "failover_routing_policy": [],
            "fqdn": "ashleyconnor.co.uk",
            "geolocation_routing_policy": [],
            "health_check_id": "",
            "id": "ZRQ45STX8GVFP_ashleyconnor.co.uk_A",
            "latency_routing_policy": [],
            "multivalue_answer_routing_policy": null,
            "name": "ashleyconnor.co.uk",
            "records": [],
            "set_identifier": "",
            "ttl": 0,
            "type": "A",
            "weighted_routing_policy": [],
            "zone_id": "ZRQ45STX8GVFP"
          },
          "sensitive_attributes": [],
          "private": "eyJzY2hlbWFfdmVyc2lvbiI6IjIifQ==",
          "dependencies": [
            "aws_route53_zone.primary"
          ]
        }
      ]
    },
    {
      "mode": "managed",
      "type": "aws_route53_record",
      "name": "til",
      "provider": "provider[\"registry.terraform.io/hashicorp/aws\"]",
      "instances": [
        {
          "schema_version": 2,
          "attributes": {
            "alias": [],
            "allow_overwrite": null,
            "failover_routing_policy": [],
            "fqdn": "til.ashleyconnor.co.uk",
            "geolocation_routing_policy": [],
            "health_check_id": "",
            "id": "ZRQ45STX8GVFP_til.ashleyconnor.co.uk_A",
            "latency_routing_policy": [],
            "multivalue_answer_routing_policy": null,
            "name": "til.ashleyconnor.co.uk",
            "records": [
              "1.1.1.1"
            ],
            "set_identifier": "",
            "ttl": 300,
            "type": "A",
            "weighted_routing_policy": [],
            "zone_id": "ZRQ45STX8GVFP"
          },
          "sensitive_attributes": [],
          "private": "eyJzY2hlbWFfdmVyc2lvbiI6IjIifQ==",
          "dependencies": [
            "aws_route53_zone.primary"
          ]
        }
      ]
    },
    {
      "mode": "managed",
      "type": "aws_route53_zone",
      "name": "primary",
      "provider": "provider[\"registry.terraform.io/hashicorp/aws\"]",
      "instances": [
        {
          "schema_version": 0,
          "attributes": {
            "comment": "Managed by Terraform",
            "delegation_set_id": "",
            "force_destroy": false,
            "id": "ZRQ45STX8GVFP",
            "name": "ashleyconnor.co.uk",
            "name_servers": [
              "ns-1359.awsdns-41.org",
              "ns-187.awsdns-23.com",
              "ns-1940.awsdns-50.co.uk",
              "ns-543.awsdns-03.net"
            ],
            "tags": {},
            "vpc": [],
            "zone_id": "ZRQ45STX8GVFP"
          },
          "sensitive_attributes": [],
          "private": "bnVsbA=="
        }
      ]
    },
    {
      "mode": "managed",
      "type": "aws_s3_bucket",
      "name": "ashleyconnor",
      "provider": "provider[\"registry.terraform.io/hashicorp/aws\"]",
      "instances": [
        {
          "schema_version": 0,
          "attributes": {
            "acceleration_status": "",
            "acl": "private",
            "arn": "arn:aws:s3:::ashleyconnor.co.uk",
            "bucket": "ashleyconnor.co.uk",
            "bucket_domain_name": "ashleyconnor.co.uk.s3.amazonaws.com",
            "bucket_prefix": null,
            "bucket_regional_domain_name": "ashleyconnor.co.uk.s3.amazonaws.com",
            "cors_rule": [
              {
                "allowed_headers": [
                  "Authorization"
                ],
                "allowed_methods": [
                  "GET",
                  "HEAD"
                ],
                "allowed_origins": [
                  "*"
                ],
                "expose_headers": [],
                "max_age_seconds": 3000
              }
            ],
            "force_destroy": false,
            "grant": [],
            "hosted_zone_id": "Z3AQBSTGFYJSTF",
            "id": "ashleyconnor.co.uk",
            "lifecycle_rule": [],
            "logging": [
              {
                "target_bucket": "logs.ashleyconnor.co.uk",
                "target_prefix": "root/"
              }
            ],
            "object_lock_configuration": [],
            "policy": null,
            "region": "us-east-1",
            "replication_configuration": [],
            "request_payer": "BucketOwner",
            "server_side_encryption_configuration": [],
            "tags": {},
            "versioning": [
              {
                "enabled": false,
                "mfa_delete": false
              }
            ],
            "website": [
              {
                "error_document": "error.html",
                "index_document": "index.html",
                "redirect_all_requests_to": "",
                "routing_rules": ""
              }
            ],
            "website_domain": "s3-website-us-east-1.amazonaws.com",
            "website_endpoint": "ashleyconnor.co.uk.s3-website-us-east-1.amazonaws.com"
          },
          "sensitive_attributes": [],
          "private": "bnVsbA=="
        }
      ]
    },
    {
      "mode": "managed",
      "type": "aws_s3_bucket",
      "name": "www-ashleyconnor",
      "provider": "provider[\"registry.terraform.io/hashicorp/aws\"]",
      "instances": [
        {
          "schema_version": 0,
          "attributes": {
            "acceleration_status": "",
            "acl": "private",
            "arn": "arn:aws:s3:::www.ashleyconnor.co.uk",
            "bucket": "www.ashleyconnor.co.uk",
            "bucket_domain_name": "www.ashleyconnor.co.uk.s3.amazonaws.com",
            "bucket_prefix": null,
            "bucket_regional_domain_name": "www.ashleyconnor.co.uk.s3.amazonaws.com",
            "cors_rule": [],
            "force_destroy": false,
            "grant": [],
            "hosted_zone_id": "Z3AQBSTGFYJSTF",
            "id": "www.ashleyconnor.co.uk",
            "lifecycle_rule": [],
            "logging": [],
            "object_lock_configuration": [],
            "policy": null,
            "region": "us-east-1",
            "replication_configuration": [],
            "request_payer": "BucketOwner",
            "server_side_encryption_configuration": [],
            "tags": {},
            "versioning": [
              {
                "enabled": false,
                "mfa_delete": false
              }
            ],
            "website": [
              {
                "error_document": "",
                "index_document": "",
                "redirect_all_requests_to": "ashleyconnor.co.uk",
                "routing_rules": ""
              }
            ],
            "website_domain": "s3-website-us-east-1.amazonaws.com",
            "website_endpoint": "www.ashleyconnor.co.uk.s3-website-us-east-1.amazonaws.com"
          },
          "sensitive_attributes": [],
          "private": "bnVsbA=="
        }
      ]
    },
    {
      "mode": "managed",
      "type": "aws_s3_bucket_policy",
      "name": "ashleyconnor-policy",
      "provider": "provider[\"registry.terraform.io/hashicorp/aws\"]",
      "instances": [
        {
          "schema_version": 0,
          "attributes": {
            "bucket": "ashleyconnor.co.uk",
            "id": "ashleyconnor.co.uk",
            "policy": "{\"Id\":\"ashleyconnor-bucket-policy\",\"Statement\":[{\"Action\":\"s3:GetObject\",\"Effect\":\"Allow\",\"Principal\":{\"AWS\":\"*\"},\"Resource\":[\"arn:aws:s3:::ashleyconnor.co.uk/*\"],\"Sid\":\"AddPerm\"}],\"Version\":\"2012-10-17\"}"
          },
          "sensitive_attributes": [],
          "private": "bnVsbA==",
          "dependencies": [
            "aws_s3_bucket.ashleyconnor"
          ]
        }
      ]
    }
  ]
}
